
Microsoft Visual Studio Solution File, Format Version 12.00
# Visual Studio 15
VisualStudioVersion = 15.0.27428.2002
MinimumVisualStudioVersion = 10.0.40219.1
Project("{8BC9CEB8-8B4A-11D0-8D11-00A0C91BC942}") = "NostraEngine", "NostraEngine\NostraEngine.vcxproj", "{F961917A-9573-4A2C-9FD0-F13A1133614B}"
EndProject
Project("{2150E333-8FDC-42A3-9474-1A3956D46DE8}") = "Solution Items", "Solution Items", "{562C5BED-6270-48CA-AA55-9FA5069D1FBE}"
	ProjectSection(SolutionItems) = preProject
		CMakeLists.txt = CMakeLists.txt
		README.md = README.md
	EndProjectSection
EndProject
Project("{8BC9CEB8-8B4A-11D0-8D11-00A0C91BC942}") = "Test", "Test\Test.vcxproj", "{472BB637-B107-4C01-A722-C43479CF9098}"
EndProject
Global
	GlobalSection(SolutionConfigurationPlatforms) = preSolution
		DLL Debug|x64 = DLL Debug|x64
		DLL Debug|x86 = DLL Debug|x86
		DLL Release|x64 = DLL Release|x64
		DLL Release|x86 = DLL Release|x86
		LIB Debug|x64 = LIB Debug|x64
		LIB Debug|x86 = LIB Debug|x86
		LIB Release|x64 = LIB Release|x64
		LIB Release|x86 = LIB Release|x86
	EndGlobalSection
	GlobalSection(ProjectConfigurationPlatforms) = postSolution
		{F961917A-9573-4A2C-9FD0-F13A1133614B}.DLL Debug|x64.ActiveCfg = DLL Debug|x64
		{F961917A-9573-4A2C-9FD0-F13A1133614B}.DLL Debug|x64.Build.0 = DLL Debug|x64
		{F961917A-9573-4A2C-9FD0-F13A1133614B}.DLL Debug|x86.ActiveCfg = DLL Debug|Win32
		{F961917A-9573-4A2C-9FD0-F13A1133614B}.DLL Debug|x86.Build.0 = DLL Debug|Win32
		{F961917A-9573-4A2C-9FD0-F13A1133614B}.DLL Release|x64.ActiveCfg = DLL Release|x64
		{F961917A-9573-4A2C-9FD0-F13A1133614B}.DLL Release|x64.Build.0 = DLL Release|x64
		{F961917A-9573-4A2C-9FD0-F13A1133614B}.DLL Release|x86.ActiveCfg = DLL Release|Win32
		{F961917A-9573-4A2C-9FD0-F13A1133614B}.DLL Release|x86.Build.0 = DLL Release|Win32
		{F961917A-9573-4A2C-9FD0-F13A1133614B}.LIB Debug|x64.ActiveCfg = LIB Debug|x64
		{F961917A-9573-4A2C-9FD0-F13A1133614B}.LIB Debug|x64.Build.0 = LIB Debug|x64
		{F961917A-9573-4A2C-9FD0-F13A1133614B}.LIB Debug|x86.ActiveCfg = LIB Debug|Win32
		{F961917A-9573-4A2C-9FD0-F13A1133614B}.LIB Debug|x86.Build.0 = LIB Debug|Win32
		{F961917A-9573-4A2C-9FD0-F13A1133614B}.LIB Release|x64.ActiveCfg = LIB Release|x64
		{F961917A-9573-4A2C-9FD0-F13A1133614B}.LIB Release|x64.Build.0 = LIB Release|x64
		{F961917A-9573-4A2C-9FD0-F13A1133614B}.LIB Release|x86.ActiveCfg = LIB Release|Win32
		{F961917A-9573-4A2C-9FD0-F13A1133614B}.LIB Release|x86.Build.0 = LIB Release|Win32
		{472BB637-B107-4C01-A722-C43479CF9098}.DLL Debug|x64.ActiveCfg = DLL Debug|x64
		{472BB637-B107-4C01-A722-C43479CF9098}.DLL Debug|x64.Build.0 = DLL Debug|x64
		{472BB637-B107-4C01-A722-C43479CF9098}.DLL Debug|x86.ActiveCfg = DLL Debug|Win32
		{472BB637-B107-4C01-A722-C43479CF9098}.DLL Debug|x86.Build.0 = DLL Debug|Win32
		{472BB637-B107-4C01-A722-C43479CF9098}.DLL Release|x64.ActiveCfg = DLL Release|x64
		{472BB637-B107-4C01-A722-C43479CF9098}.DLL Release|x64.Build.0 = DLL Release|x64
		{472BB637-B107-4C01-A722-C43479CF9098}.DLL Release|x86.ActiveCfg = LIB Release|Win32
		{472BB637-B107-4C01-A722-C43479CF9098}.DLL Release|x86.Build.0 = LIB Release|Win32
		{472BB637-B107-4C01-A722-C43479CF9098}.LIB Debug|x64.ActiveCfg = LIB Debug|x64
		{472BB637-B107-4C01-A722-C43479CF9098}.LIB Debug|x64.Build.0 = LIB Debug|x64
		{472BB637-B107-4C01-A722-C43479CF9098}.LIB Debug|x86.ActiveCfg = LIB Debug|Win32
		{472BB637-B107-4C01-A722-C43479CF9098}.LIB Debug|x86.Build.0 = LIB Debug|Win32
		{472BB637-B107-4C01-A722-C43479CF9098}.LIB Release|x64.ActiveCfg = LIB Release|x64
		{472BB637-B107-4C01-A722-C43479CF9098}.LIB Release|x64.Build.0 = LIB Release|x64
		{472BB637-B107-4C01-A722-C43479CF9098}.LIB Release|x86.ActiveCfg = LIB Release|Win32
		{472BB637-B107-4C01-A722-C43479CF9098}.LIB Release|x86.Build.0 = LIB Release|Win32
	EndGlobalSection
	GlobalSection(SolutionProperties) = preSolution
		HideSolutionNode = FALSE
	EndGlobalSection
	GlobalSection(ExtensibilityGlobals) = postSolution
		SolutionGuid = {55C0DD5A-FAEC-43C3-AE57-31D1E50DA8CE}
	EndGlobalSection
EndGlobal
